
Microsoft Visual Studio Solution File, Format Version 12.00
# Visual Studio 15
VisualStudioVersion = 15.0.26430.6
MinimumVisualStudioVersion = 10.0.40219.1
Project("{FAE04EC0-301F-11D3-BF4B-00C04F79EFBC}") = "PulseCheck.API", "PulseCheck.API\PulseCheck.API.csproj", "{C3725B3A-4558-4734-B407-861516504278}"
	ProjectSection(ProjectDependencies) = postProject
		{FED05D97-5851-44BB-8665-4238C7EDB4E4} = {FED05D97-5851-44BB-8665-4238C7EDB4E4}
	EndProjectSection
EndProject
Project("{FAE04EC0-301F-11D3-BF4B-00C04F79EFBC}") = "PulseCheck.API.Tests", "PulseCheck.API.Tests\PulseCheck.API.Tests.csproj", "{B5B6CD89-9749-40B9-8B83-DD8FAE7F0467}"
EndProject
Project("{FAE04EC0-301F-11D3-BF4B-00C04F79EFBC}") = "DomainModel", "DomainModel\DomainModel.csproj", "{B6130E1E-8B6A-4528-94DE-CD6ECADB9511}"
EndProject
Project("{FAE04EC0-301F-11D3-BF4B-00C04F79EFBC}") = "Data", "Data\Data.csproj", "{0B3A5EB1-5620-4744-9015-83D11B0D9C30}"
EndProject
Project("{2150E333-8FDC-42A3-9474-1A3956D46DE8}") = "01. Data", "01. Data", "{F3DF359C-1A36-4C9E-B9AA-8E48C4D3E74C}"
EndProject
Project("{2150E333-8FDC-42A3-9474-1A3956D46DE8}") = "03. Services", "03. Services", "{B3EA22B2-F23A-4A07-9887-F9197892DE21}"
EndProject
Project("{2150E333-8FDC-42A3-9474-1A3956D46DE8}") = "02. Interfaces", "02. Interfaces", "{A3DF349D-A6C7-4FFC-8D82-145E54B6D2DF}"
EndProject
Project("{2150E333-8FDC-42A3-9474-1A3956D46DE8}") = "05. DomainModel", "05. DomainModel", "{D09E5F3A-5936-4C67-8E39-7303F7D0545C}"
EndProject
Project("{2150E333-8FDC-42A3-9474-1A3956D46DE8}") = "06. Web", "06. Web", "{2A8C096C-DDD1-4FA2-8423-577125FB88F6}"
EndProject
Project("{2150E333-8FDC-42A3-9474-1A3956D46DE8}") = "08. Testing", "08. Testing", "{A01472CA-7796-4EA9-8CE8-BB3593DF4423}"
EndProject
Project("{FAE04EC0-301F-11D3-BF4B-00C04F79EFBC}") = "Interfaces.Repository", "Interfaces.Repository\Interfaces.Repository.csproj", "{CAB7C7F8-E36E-48E3-AD96-0CC85F35B30E}"
EndProject
Project("{2150E333-8FDC-42A3-9474-1A3956D46DE8}") = "07. IdentityServer", "07. IdentityServer", "{619C2D5D-E9AF-4A27-A76F-80BAD021923D}"
EndProject
Project("{FAE04EC0-301F-11D3-BF4B-00C04F79EFBC}") = "Interfaces.Services", "Interfaces.Services\Interfaces.Services.csproj", "{8373C412-71F7-4758-8560-4AC552D68A42}"
EndProject
Project("{FAE04EC0-301F-11D3-BF4B-00C04F79EFBC}") = "Services", "Services\Services.csproj", "{079376D2-F7AE-4FA2-AD03-B6C4955E4427}"
EndProject
Project("{FAE04EC0-301F-11D3-BF4B-00C04F79EFBC}") = "Dependency.Resolver", "Dependency.Resolver\Dependency.Resolver.csproj", "{C34A7754-0C2E-4AC7-8147-245445F0951D}"
EndProject
Project("{FAE04EC0-301F-11D3-BF4B-00C04F79EFBC}") = "PulseCheck.Constants", "Constants\PulseCheck.Constants.csproj", "{F089406B-FB11-4F66-ABA2-5CC61A76BC38}"
EndProject
Project("{FAE04EC0-301F-11D3-BF4B-00C04F79EFBC}") = "Host.Configuration", "Host.Configuration\Host.Configuration.csproj", "{FED05D97-5851-44BB-8665-4238C7EDB4E4}"
EndProject
Project("{FAE04EC0-301F-11D3-BF4B-00C04F79EFBC}") = "Host.Web.Mvc", "Host.Web.Mvc\Host.Web.Mvc.csproj", "{453C26EB-49F2-40E3-8725-7B9F3F8195A3}"
EndProject
Project("{FAE04EC0-301F-11D3-BF4B-00C04F79EFBC}") = "Interfaces.Utilities", "Interfaces.Utilities\Interfaces.Utilities.csproj", "{4332807B-945E-4CDA-BAB7-D2C5EAD98888}"
EndProject
Project("{2150E333-8FDC-42A3-9474-1A3956D46DE8}") = "04. Utilities", "04. Utilities", "{B5D3B17C-C73D-4740-90BF-C61B1E31D475}"
EndProject
Project("{FAE04EC0-301F-11D3-BF4B-00C04F79EFBC}") = "Utilities", "Utilities\Utilities\Utilities.csproj", "{0843B151-96B1-4E44-A1A0-457E5FEDD21F}"
EndProject
Project("{FAE04EC0-301F-11D3-BF4B-00C04F79EFBC}") = "Interfaces.DomainModel", "Interfaces.DomainModel\Interfaces.DomainModel.csproj", "{D0313DF1-89A1-49C5-859C-17A1496AB60B}"
EndProject
Project("{FAE04EC0-301F-11D3-BF4B-00C04F79EFBC}") = "Interfaces.Data", "Interfaces.Data\Interfaces.Data.csproj", "{653AF75B-678A-42DA-A60E-D1BE4757D270}"
EndProject
Project("{2150E333-8FDC-42A3-9474-1A3956D46DE8}") = "Solution Items", "Solution Items", "{E3462BCC-583D-4C08-914D-0112DFBC6CDC}"
	ProjectSection(SolutionItems) = preProject
		.tfignore = .tfignore
	EndProjectSection
EndProject
Global
	GlobalSection(SolutionConfigurationPlatforms) = preSolution
		Debug|Any CPU = Debug|Any CPU
		QA|Any CPU = QA|Any CPU
	EndGlobalSection
	GlobalSection(ProjectConfigurationPlatforms) = postSolution
		{C3725B3A-4558-4734-B407-861516504278}.Debug|Any CPU.ActiveCfg = Debug|Any CPU
		{C3725B3A-4558-4734-B407-861516504278}.Debug|Any CPU.Build.0 = Debug|Any CPU
		{C3725B3A-4558-4734-B407-861516504278}.QA|Any CPU.ActiveCfg = QA|Any CPU
		{C3725B3A-4558-4734-B407-861516504278}.QA|Any CPU.Build.0 = QA|Any CPU
		{B5B6CD89-9749-40B9-8B83-DD8FAE7F0467}.Debug|Any CPU.ActiveCfg = Debug|Any CPU
		{B5B6CD89-9749-40B9-8B83-DD8FAE7F0467}.Debug|Any CPU.Build.0 = Debug|Any CPU
		{B5B6CD89-9749-40B9-8B83-DD8FAE7F0467}.QA|Any CPU.ActiveCfg = QA|Any CPU
		{B5B6CD89-9749-40B9-8B83-DD8FAE7F0467}.QA|Any CPU.Build.0 = QA|Any CPU
		{B6130E1E-8B6A-4528-94DE-CD6ECADB9511}.Debug|Any CPU.ActiveCfg = Debug|Any CPU
		{B6130E1E-8B6A-4528-94DE-CD6ECADB9511}.Debug|Any CPU.Build.0 = Debug|Any CPU
		{B6130E1E-8B6A-4528-94DE-CD6ECADB9511}.QA|Any CPU.ActiveCfg = QA|Any CPU
		{B6130E1E-8B6A-4528-94DE-CD6ECADB9511}.QA|Any CPU.Build.0 = QA|Any CPU
		{0B3A5EB1-5620-4744-9015-83D11B0D9C30}.Debug|Any CPU.ActiveCfg = Debug|Any CPU
		{0B3A5EB1-5620-4744-9015-83D11B0D9C30}.Debug|Any CPU.Build.0 = Debug|Any CPU
		{0B3A5EB1-5620-4744-9015-83D11B0D9C30}.QA|Any CPU.ActiveCfg = QA|Any CPU
		{0B3A5EB1-5620-4744-9015-83D11B0D9C30}.QA|Any CPU.Build.0 = QA|Any CPU
		{CAB7C7F8-E36E-48E3-AD96-0CC85F35B30E}.Debug|Any CPU.ActiveCfg = Debug|Any CPU
		{CAB7C7F8-E36E-48E3-AD96-0CC85F35B30E}.Debug|Any CPU.Build.0 = Debug|Any CPU
		{CAB7C7F8-E36E-48E3-AD96-0CC85F35B30E}.QA|Any CPU.ActiveCfg = QA|Any CPU
		{CAB7C7F8-E36E-48E3-AD96-0CC85F35B30E}.QA|Any CPU.Build.0 = QA|Any CPU
		{8373C412-71F7-4758-8560-4AC552D68A42}.Debug|Any CPU.ActiveCfg = Debug|Any CPU
		{8373C412-71F7-4758-8560-4AC552D68A42}.Debug|Any CPU.Build.0 = Debug|Any CPU
		{8373C412-71F7-4758-8560-4AC552D68A42}.QA|Any CPU.ActiveCfg = QA|Any CPU
		{8373C412-71F7-4758-8560-4AC552D68A42}.QA|Any CPU.Build.0 = QA|Any CPU
		{079376D2-F7AE-4FA2-AD03-B6C4955E4427}.Debug|Any CPU.ActiveCfg = Debug|Any CPU
		{079376D2-F7AE-4FA2-AD03-B6C4955E4427}.Debug|Any CPU.Build.0 = Debug|Any CPU
		{079376D2-F7AE-4FA2-AD03-B6C4955E4427}.QA|Any CPU.ActiveCfg = QA|Any CPU
		{079376D2-F7AE-4FA2-AD03-B6C4955E4427}.QA|Any CPU.Build.0 = QA|Any CPU
		{C34A7754-0C2E-4AC7-8147-245445F0951D}.Debug|Any CPU.ActiveCfg = Debug|Any CPU
		{C34A7754-0C2E-4AC7-8147-245445F0951D}.Debug|Any CPU.Build.0 = Debug|Any CPU
		{C34A7754-0C2E-4AC7-8147-245445F0951D}.QA|Any CPU.ActiveCfg = QA|Any CPU
		{C34A7754-0C2E-4AC7-8147-245445F0951D}.QA|Any CPU.Build.0 = QA|Any CPU
		{F089406B-FB11-4F66-ABA2-5CC61A76BC38}.Debug|Any CPU.ActiveCfg = Debug|Any CPU
		{F089406B-FB11-4F66-ABA2-5CC61A76BC38}.Debug|Any CPU.Build.0 = Debug|Any CPU
		{F089406B-FB11-4F66-ABA2-5CC61A76BC38}.QA|Any CPU.ActiveCfg = QA|Any CPU
		{F089406B-FB11-4F66-ABA2-5CC61A76BC38}.QA|Any CPU.Build.0 = QA|Any CPU
		{FED05D97-5851-44BB-8665-4238C7EDB4E4}.Debug|Any CPU.ActiveCfg = Debug|Any CPU
		{FED05D97-5851-44BB-8665-4238C7EDB4E4}.Debug|Any CPU.Build.0 = Debug|Any CPU
		{FED05D97-5851-44BB-8665-4238C7EDB4E4}.QA|Any CPU.ActiveCfg = QA|Any CPU
		{FED05D97-5851-44BB-8665-4238C7EDB4E4}.QA|Any CPU.Build.0 = QA|Any CPU
		{453C26EB-49F2-40E3-8725-7B9F3F8195A3}.Debug|Any CPU.ActiveCfg = Debug|Any CPU
		{453C26EB-49F2-40E3-8725-7B9F3F8195A3}.Debug|Any CPU.Build.0 = Debug|Any CPU
		{453C26EB-49F2-40E3-8725-7B9F3F8195A3}.QA|Any CPU.ActiveCfg = QA|Any CPU
		{453C26EB-49F2-40E3-8725-7B9F3F8195A3}.QA|Any CPU.Build.0 = QA|Any CPU
		{4332807B-945E-4CDA-BAB7-D2C5EAD98888}.Debug|Any CPU.ActiveCfg = Debug|Any CPU
		{4332807B-945E-4CDA-BAB7-D2C5EAD98888}.Debug|Any CPU.Build.0 = Debug|Any CPU
		{4332807B-945E-4CDA-BAB7-D2C5EAD98888}.QA|Any CPU.ActiveCfg = QA|Any CPU
		{4332807B-945E-4CDA-BAB7-D2C5EAD98888}.QA|Any CPU.Build.0 = QA|Any CPU
		{0843B151-96B1-4E44-A1A0-457E5FEDD21F}.Debug|Any CPU.ActiveCfg = Debug|Any CPU
		{0843B151-96B1-4E44-A1A0-457E5FEDD21F}.Debug|Any CPU.Build.0 = Debug|Any CPU
		{0843B151-96B1-4E44-A1A0-457E5FEDD21F}.QA|Any CPU.ActiveCfg = QA|Any CPU
		{0843B151-96B1-4E44-A1A0-457E5FEDD21F}.QA|Any CPU.Build.0 = QA|Any CPU
		{D0313DF1-89A1-49C5-859C-17A1496AB60B}.Debug|Any CPU.ActiveCfg = Debug|Any CPU
		{D0313DF1-89A1-49C5-859C-17A1496AB60B}.Debug|Any CPU.Build.0 = Debug|Any CPU
		{D0313DF1-89A1-49C5-859C-17A1496AB60B}.QA|Any CPU.ActiveCfg = QA|Any CPU
		{D0313DF1-89A1-49C5-859C-17A1496AB60B}.QA|Any CPU.Build.0 = QA|Any CPU
		{653AF75B-678A-42DA-A60E-D1BE4757D270}.Debug|Any CPU.ActiveCfg = Debug|Any CPU
		{653AF75B-678A-42DA-A60E-D1BE4757D270}.Debug|Any CPU.Build.0 = Debug|Any CPU
		{653AF75B-678A-42DA-A60E-D1BE4757D270}.QA|Any CPU.ActiveCfg = QA|Any CPU
		{653AF75B-678A-42DA-A60E-D1BE4757D270}.QA|Any CPU.Build.0 = QA|Any CPU
	EndGlobalSection
	GlobalSection(SolutionProperties) = preSolution
		HideSolutionNode = FALSE
	EndGlobalSection
	GlobalSection(NestedProjects) = preSolution
		{C3725B3A-4558-4734-B407-861516504278} = {2A8C096C-DDD1-4FA2-8423-577125FB88F6}
		{B5B6CD89-9749-40B9-8B83-DD8FAE7F0467} = {A01472CA-7796-4EA9-8CE8-BB3593DF4423}
		{B6130E1E-8B6A-4528-94DE-CD6ECADB9511} = {D09E5F3A-5936-4C67-8E39-7303F7D0545C}
		{0B3A5EB1-5620-4744-9015-83D11B0D9C30} = {F3DF359C-1A36-4C9E-B9AA-8E48C4D3E74C}
		{CAB7C7F8-E36E-48E3-AD96-0CC85F35B30E} = {A3DF349D-A6C7-4FFC-8D82-145E54B6D2DF}
		{8373C412-71F7-4758-8560-4AC552D68A42} = {A3DF349D-A6C7-4FFC-8D82-145E54B6D2DF}
		{079376D2-F7AE-4FA2-AD03-B6C4955E4427} = {B3EA22B2-F23A-4A07-9887-F9197892DE21}
		{C34A7754-0C2E-4AC7-8147-245445F0951D} = {2A8C096C-DDD1-4FA2-8423-577125FB88F6}
		{F089406B-FB11-4F66-ABA2-5CC61A76BC38} = {619C2D5D-E9AF-4A27-A76F-80BAD021923D}
		{FED05D97-5851-44BB-8665-4238C7EDB4E4} = {619C2D5D-E9AF-4A27-A76F-80BAD021923D}
		{453C26EB-49F2-40E3-8725-7B9F3F8195A3} = {619C2D5D-E9AF-4A27-A76F-80BAD021923D}
		{4332807B-945E-4CDA-BAB7-D2C5EAD98888} = {A3DF349D-A6C7-4FFC-8D82-145E54B6D2DF}
		{0843B151-96B1-4E44-A1A0-457E5FEDD21F} = {B5D3B17C-C73D-4740-90BF-C61B1E31D475}
		{D0313DF1-89A1-49C5-859C-17A1496AB60B} = {A3DF349D-A6C7-4FFC-8D82-145E54B6D2DF}
		{653AF75B-678A-42DA-A60E-D1BE4757D270} = {A3DF349D-A6C7-4FFC-8D82-145E54B6D2DF}
	EndGlobalSection
	GlobalSection(ExtensibilityGlobals) = postSolution
		SolutionGuid = {CFBED2A6-D785-4741-B262-46AC47EAC1A4}
	EndGlobalSection
	GlobalSection(TeamFoundationVersionControl) = preSolution
		SccNumberOfProjects = 16
		SccEnterpriseProvider = {4CA58AB2-18FA-4F8D-95D4-32DDF27D184C}
		SccTeamFoundationServer = http://pg-source.picis.com:8080/tfs/pulsecheck
		SccLocalPath0 = .
		SccProjectUniqueName1 = PulseCheck.API\\PulseCheck.API.csproj
		SccProjectTopLevelParentUniqueName1 = PulseCheck.sln
		SccProjectName1 = PulseCheck.API
		SccLocalPath1 = PulseCheck.API
		SccProjectUniqueName2 = PulseCheck.API.Tests\\PulseCheck.API.Tests.csproj
		SccProjectTopLevelParentUniqueName2 = PulseCheck.sln
		SccProjectName2 = PulseCheck.API.Tests
		SccLocalPath2 = PulseCheck.API.Tests
		SccProjectUniqueName3 = DomainModel\\DomainModel.csproj
		SccProjectTopLevelParentUniqueName3 = PulseCheck.sln
		SccProjectName3 = DomainModel
		SccLocalPath3 = DomainModel
		SccProjectUniqueName4 = Data\\Data.csproj
		SccProjectTopLevelParentUniqueName4 = PulseCheck.sln
		SccProjectName4 = Data
		SccLocalPath4 = Data
		SccProjectUniqueName5 = Interfaces.Repository\\Interfaces.Repository.csproj
		SccProjectTopLevelParentUniqueName5 = PulseCheck.sln
		SccProjectName5 = Interfaces.Repository
		SccLocalPath5 = Interfaces.Repository
		SccProjectUniqueName6 = Interfaces.Services\\Interfaces.Services.csproj
		SccProjectTopLevelParentUniqueName6 = PulseCheck.sln
		SccProjectName6 = Interfaces.Services
		SccLocalPath6 = Interfaces.Services
		SccProjectUniqueName7 = Services\\Services.csproj
		SccProjectTopLevelParentUniqueName7 = PulseCheck.sln
		SccProjectName7 = Services
		SccLocalPath7 = Services
		SccProjectUniqueName8 = Dependency.Resolver\\Dependency.Resolver.csproj
		SccProjectTopLevelParentUniqueName8 = PulseCheck.sln
		SccProjectName8 = Dependency.Resolver
		SccLocalPath8 = Dependency.Resolver
		SccProjectUniqueName9 = Constants\\PulseCheck.Constants.csproj
		SccProjectTopLevelParentUniqueName9 = PulseCheck.sln
		SccProjectName9 = Constants
		SccLocalPath9 = Constants
		SccProjectUniqueName10 = Host.Configuration\\Host.Configuration.csproj
		SccProjectTopLevelParentUniqueName10 = PulseCheck.sln
		SccProjectName10 = Host.Configuration
		SccLocalPath10 = Host.Configuration
		SccProjectUniqueName11 = Host.Web.Mvc\\Host.Web.Mvc.csproj
		SccProjectTopLevelParentUniqueName11 = PulseCheck.sln
		SccProjectName11 = Host.Web.Mvc
		SccLocalPath11 = Host.Web.Mvc
		SccProjectUniqueName12 = Interfaces.Utilities\\Interfaces.Utilities.csproj
		SccProjectTopLevelParentUniqueName12 = PulseCheck.sln
		SccProjectName12 = Interfaces.Utilities
		SccLocalPath12 = Interfaces.Utilities
		SccProjectUniqueName13 = Utilities\\Utilities\\Utilities.csproj
		SccProjectTopLevelParentUniqueName13 = PulseCheck.sln
		SccProjectName13 = Utilities/Utilities
		SccLocalPath13 = Utilities\\Utilities
		SccProjectUniqueName14 = Interfaces.DomainModel\\Interfaces.DomainModel.csproj
		SccProjectTopLevelParentUniqueName14 = PulseCheck.sln
		SccProjectName14 = Interfaces.DomainModel
		SccLocalPath14 = Interfaces.DomainModel
		SccProjectUniqueName15 = Interfaces.Data\\Interfaces.Data.csproj
		SccProjectTopLevelParentUniqueName15 = PulseCheck.sln
		SccProjectName15 = Interfaces.Data
		SccLocalPath15 = Interfaces.Data
	EndGlobalSection
EndGlobal
