
Microsoft Visual Studio Solution File, Format Version 12.00
# Visual Studio Version 16
VisualStudioVersion = 16.0.30104.148
MinimumVisualStudioVersion = 10.0.40219.1
Project("{FAE04EC0-301F-11D3-BF4B-00C04F79EFBC}") = "PulseCheck.API", "PulseCheck.API\PulseCheck.API.csproj", "{C3725B3A-4558-4734-B407-861516504278}"
	ProjectSection(ProjectDependencies) = postProject
		{FED05D97-5851-44BB-8665-4238C7EDB4E4} = {FED05D97-5851-44BB-8665-4238C7EDB4E4}
	EndProjectSection
EndProject
Project("{2150E333-8FDC-42A3-9474-1A3956D46DE8}") = "IdentityServer", "IdentityServer", "{619C2D5D-E9AF-4A27-A76F-80BAD021923D}"
EndProject
Project("{FAE04EC0-301F-11D3-BF4B-00C04F79EFBC}") = "PulseCheck.Constants", "Constants\PulseCheck.Constants.csproj", "{F089406B-FB11-4F66-ABA2-5CC61A76BC38}"
EndProject
Project("{FAE04EC0-301F-11D3-BF4B-00C04F79EFBC}") = "Host.Configuration", "Host.Configuration\Host.Configuration.csproj", "{FED05D97-5851-44BB-8665-4238C7EDB4E4}"
EndProject
Project("{FAE04EC0-301F-11D3-BF4B-00C04F79EFBC}") = "Host.Web.Mvc", "Host.Web.Mvc\Host.Web.Mvc.csproj", "{453C26EB-49F2-40E3-8725-7B9F3F8195A3}"
EndProject
Project("{2150E333-8FDC-42A3-9474-1A3956D46DE8}") = "Solution Items", "Solution Items", "{E3462BCC-583D-4C08-914D-0112DFBC6CDC}"
	ProjectSection(SolutionItems) = preProject
		.tfignore = .tfignore
	EndProjectSection
EndProject
Project("{FAE04EC0-301F-11D3-BF4B-00C04F79EFBC}") = "PulseCheck.Logic", "PulseCheck.Logic\PulseCheck.Logic.csproj", "{079376D2-F7AE-4FA2-AD03-B6C4955E4427}"
EndProject
Project("{FAE04EC0-301F-11D3-BF4B-00C04F79EFBC}") = "PulseCheck.ILogic", "PulseCheck.ILogic\PulseCheck.ILogic.csproj", "{8373C412-71F7-4758-8560-4AC552D68A42}"
EndProject
Project("{FAE04EC0-301F-11D3-BF4B-00C04F79EFBC}") = "PulseCheck.Utilities", "PulseCheck.Utilities\PulseCheck.Utilities.csproj", "{0843B151-96B1-4E44-A1A0-457E5FEDD21F}"
EndProject
Project("{FAE04EC0-301F-11D3-BF4B-00C04F79EFBC}") = "PulseCheck.IUtilities", "PulseCheck.IUtilities\PulseCheck.IUtilities.csproj", "{4332807B-945E-4CDA-BAB7-D2C5EAD98888}"
EndProject
Project("{FAE04EC0-301F-11D3-BF4B-00C04F79EFBC}") = "PulseCheck.Data", "PulseCheck.Data\PulseCheck.Data.csproj", "{0B3A5EB1-5620-4744-9015-83D11B0D9C30}"
EndProject
Project("{FAE04EC0-301F-11D3-BF4B-00C04F79EFBC}") = "PulseCheck.Domain", "PulseCheck.Domain\PulseCheck.Domain.csproj", "{B6130E1E-8B6A-4528-94DE-CD6ECADB9511}"
EndProject
Project("{FAE04EC0-301F-11D3-BF4B-00C04F79EFBC}") = "PulseCheck.IDomain", "PulseCheck.IDomain\PulseCheck.IDomain.csproj", "{D0313DF1-89A1-49C5-859C-17A1496AB60B}"
EndProject
Project("{FAE04EC0-301F-11D3-BF4B-00C04F79EFBC}") = "PulseCheck.IData", "PulseCheck.IData\PulseCheck.IData.csproj", "{653AF75B-678A-42DA-A60E-D1BE4757D270}"
EndProject
Project("{FAE04EC0-301F-11D3-BF4B-00C04F79EFBC}") = "PulseCheck.IRepository", "PulseCheck.IRepository\PulseCheck.IRepository.csproj", "{CAB7C7F8-E36E-48E3-AD96-0CC85F35B30E}"
EndProject
Project("{FAE04EC0-301F-11D3-BF4B-00C04F79EFBC}") = "PulseCheck.IOC.Mappings", "PulseCheck.IOC.Mappings\PulseCheck.IOC.Mappings.csproj", "{C34A7754-0C2E-4AC7-8147-245445F0951D}"
EndProject
Project("{2150E333-8FDC-42A3-9474-1A3956D46DE8}") = "Api", "Api", "{15AE60C1-32F0-4B28-9BB9-200A68D29595}"
EndProject
Project("{2150E333-8FDC-42A3-9474-1A3956D46DE8}") = "Data", "Data", "{8ED40716-7A2B-44B8-8568-43959B9F2028}"
EndProject
Project("{2150E333-8FDC-42A3-9474-1A3956D46DE8}") = "DomainModel", "DomainModel", "{AB16A792-702B-4AC2-A3D0-DC4DACE2876D}"
EndProject
Project("{2150E333-8FDC-42A3-9474-1A3956D46DE8}") = "Sites", "Sites", "{94FBC419-A49C-4A3C-A2E3-DB8F48D3809F}"
EndProject
Project("{2150E333-8FDC-42A3-9474-1A3956D46DE8}") = "Logic", "Logic", "{A44BFDFB-EB80-476A-97B1-EDB6DC9C287A}"
EndProject
Project("{2150E333-8FDC-42A3-9474-1A3956D46DE8}") = "Tools", "Tools", "{229958F2-64D8-4458-839D-786127C4BA9D}"
EndProject
Project("{FAE04EC0-301F-11D3-BF4B-00C04F79EFBC}") = "PulseCheck.QCPR.Data", "PulseCheck.QCPR.Data\PulseCheck.QCPR.Data.csproj", "{99DC925E-712E-459B-9D0F-2DEF7B81433D}"
EndProject
Project("{FAE04EC0-301F-11D3-BF4B-00C04F79EFBC}") = "PulseCheck.QCPR.Logic", "PulseCheck.QCPR.Logic\PulseCheck.QCPR.Logic.csproj", "{DDD20565-0CCA-4244-B244-500C4A567C2A}"
EndProject
Project("{2150E333-8FDC-42A3-9474-1A3956D46DE8}") = "QCPR", "QCPR", "{A296E6B2-8036-439F-A75D-0D06094F03FF}"
EndProject
Project("{FAE04EC0-301F-11D3-BF4B-00C04F79EFBC}") = "PulseCheck.QCPR.Data.Loader.Console", "PulseCheck.QCPR.Data.Loader.Console\PulseCheck.QCPR.Data.Loader.Console.csproj", "{B547EE3B-7F3D-4AC0-B4FB-EBF5C9FF68D3}"
EndProject
Project("{FAE04EC0-301F-11D3-BF4B-00C04F79EFBC}") = "PulseCheck.QCPR.Logic.Tests", "PulseCheck.QCPR.Logic.Tests\PulseCheck.QCPR.Logic.Tests.csproj", "{1BBE2DEF-A5D8-48AD-8030-4FED925BAA95}"
EndProject
Project("{FAE04EC0-301F-11D3-BF4B-00C04F79EFBC}") = "PulseCheck.QCPR.Domain", "PulseCheck.QCPR.Domain\PulseCheck.QCPR.Domain.csproj", "{4C1B6636-2632-467A-B0A0-2FFB3D4FB5BF}"
EndProject
Project("{FAE04EC0-301F-11D3-BF4B-00C04F79EFBC}") = "PulseCheck.Data.Common", "PulseCheck.Data.Common\PulseCheck.Data.Common.csproj", "{40D85247-8190-4BF6-82C3-F07BDA55F60A}"
EndProject
Project("{FAE04EC0-301F-11D3-BF4B-00C04F79EFBC}") = "PulseCheck.QCPR.Data.Tests.Integration", "PulseCheck.QCPR.Data.Tests.Integration\PulseCheck.QCPR.Data.Tests.Integration.csproj", "{10EC0FB2-7250-46AD-A2A3-690DEA9764E2}"
EndProject
Project("{FAE04EC0-301F-11D3-BF4B-00C04F79EFBC}") = "PulseCheck.Utilities.Web", "PulseCheck.Utilities.Web\PulseCheck.Utilities.Web.csproj", "{1481920D-5023-43BE-A545-341372EB4841}"
EndProject
Project("{FAE04EC0-301F-11D3-BF4B-00C04F79EFBC}") = "PulseCheck.API.Tests", "PulseCheck.API.Tests\PulseCheck.API.Tests.csproj", "{B5B6CD89-9749-40B9-8B83-DD8FAE7F0467}"
EndProject
Project("{FAE04EC0-301F-11D3-BF4B-00C04F79EFBC}") = "PulseCheck.Data.Common.Tests", "PulseCheck.Data.Common.Tests\PulseCheck.Data.Common.Tests.csproj", "{AE558CC7-635F-4430-B2CA-2D045871AC32}"
EndProject
Project("{2150E333-8FDC-42A3-9474-1A3956D46DE8}") = "Archive", "Archive", "{1D2E237A-F74C-4464-B54C-C43E3BF32363}"
EndProject
Project("{FAE04EC0-301F-11D3-BF4B-00C04F79EFBC}") = "PulseCheck.Archive.Data", "PulseCheck.Archive.Data\PulseCheck.Archive.Data.csproj", "{90FE461D-29E7-465B-B829-8F35912F52E6}"
EndProject
Project("{FAE04EC0-301F-11D3-BF4B-00C04F79EFBC}") = "PulseCheck.Archive.Logic", "PulseCheck.Archive.Logic\PulseCheck.Archive.Logic.csproj", "{FA6AE2B0-6E17-48F4-8E91-96AC59E6A524}"
EndProject
Project("{FAE04EC0-301F-11D3-BF4B-00C04F79EFBC}") = "PulseCheck.Archive.Logic.Tests", "PulseCheck.Archive.Logic.Tests\PulseCheck.Archive.Logic.Tests.csproj", "{301521FC-1F4B-4CE1-A16F-6082915FA722}"
EndProject
Project("{FAE04EC0-301F-11D3-BF4B-00C04F79EFBC}") = "PulseCheck.Logic.Common", "PulseCheck.Logic.Common\PulseCheck.Logic.Common.csproj", "{89FCE7CB-67E7-4804-A5E5-C43F6E50D266}"
EndProject
Project("{FAE04EC0-301F-11D3-BF4B-00C04F79EFBC}") = "PulseCheck.Archive.Domain", "PulseCheck.Archive.Domain\PulseCheck.Archive.Domain.csproj", "{C3F07449-DF29-4233-8B30-D6EC0B89E5F5}"
EndProject
Project("{2150E333-8FDC-42A3-9474-1A3956D46DE8}") = "DatabaseMgmt", "DatabaseMgmt", "{B61CA6D1-1D58-4F0D-AF35-290D82EA1564}"
EndProject
Project("{FAE04EC0-301F-11D3-BF4B-00C04F79EFBC}") = "PulseCheck.Database.Management.Console.TableSync", "PulseCheck.Database.Management.Console.TableSync\PulseCheck.Database.Management.Console.TableSync.csproj", "{D71507E7-1AF1-4687-B281-7ACF550A68D1}"
EndProject
Project("{FAE04EC0-301F-11D3-BF4B-00C04F79EFBC}") = "PulseCheck.Database.Management.Data", "PulseCheck.Database.Management.Data\PulseCheck.Database.Management.Data.csproj", "{BA74F16F-62B5-45D1-A3D3-FC0D6598D60E}"
EndProject
Project("{FAE04EC0-301F-11D3-BF4B-00C04F79EFBC}") = "PulseCheck.Database.Management.Logic", "PulseCheck.Database.Management.Logic\PulseCheck.Database.Management.Logic.csproj", "{81E37AD1-A094-4E31-9337-A05B8B87BF7B}"
EndProject
Project("{FAE04EC0-301F-11D3-BF4B-00C04F79EFBC}") = "PulseCheck.Database.Management.Logic.Tests", "PulseCheck.Database.Management.Logic.Tests\PulseCheck.Database.Management.Logic.Tests.csproj", "{63A0F235-C872-4954-A944-448FBBB33450}"
EndProject
Project("{FAE04EC0-301F-11D3-BF4B-00C04F79EFBC}") = "PulseCheck.Common.Logging", "PulseCheck.Common.Logging\PulseCheck.Common.Logging.csproj", "{ADF29DD7-72FB-4141-9ED4-D7394C3E6461}"
EndProject
Project("{9A19103F-16F7-4668-BE54-9A1E7A4F7556}") = "Emar.Api", "Emar.Api\Emar.Api.csproj", "{319EABF5-7112-48CF-AE13-14B970134F91}"
EndProject
Project("{9A19103F-16F7-4668-BE54-9A1E7A4F7556}") = "Emar.Core", "Emar.Core\Emar.Core.csproj", "{428EF848-627D-40B5-B852-595144DA16C8}"
EndProject
Project("{9A19103F-16F7-4668-BE54-9A1E7A4F7556}") = "Emar.Data", "Emar.Data\Emar.Data.csproj", "{7E89730A-8C9E-4984-8C7C-62DA03AC0332}"
EndProject
Project("{2150E333-8FDC-42A3-9474-1A3956D46DE8}") = "Services", "Services", "{C4C6828B-8E4A-4BBB-808E-E17380B66A3B}"
EndProject
Project("{FAE04EC0-301F-11D3-BF4B-00C04F79EFBC}") = "Emar.NotificationsService", "Emar.Services\NotificationsService\Emar.NotificationsService.csproj", "{71D592FB-F8D2-4CD1-BA83-01AA8B02C039}"
EndProject
Project("{54435603-DBB4-11D2-8724-00A0C9A8B90C}") = "NotificationsServiceSetup", "Emar.Services\NotificationsService\Setup1\Setup1.vdproj", "{BAB2FC46-9D8F-4A1E-B6E0-09B4B4AF513E}"
EndProject
Project("{9A19103F-16F7-4668-BE54-9A1E7A4F7556}") = "Emar.Core.Ids.Tester", "Emar.Core.Ids.Tester\Emar.Core.Ids.Tester.csproj", "{D549E898-CE43-4279-B511-8589DC76A3FD}"
EndProject
Project("{2150E333-8FDC-42A3-9474-1A3956D46DE8}") = "PharmacyNotificationService", "PharmacyNotificationService", "{1B50D6C7-1450-4B0B-B81A-B8D07F2E48B6}"
	ProjectSection(SolutionItems) = preProject
		Emar.Services\PharmacyNotificationService\pharmacy_notification_administration.txt = Emar.Services\PharmacyNotificationService\pharmacy_notification_administration.txt
		Emar.Services\PharmacyNotificationService\pharmacy_notification_order.txt = Emar.Services\PharmacyNotificationService\pharmacy_notification_order.txt
		Emar.Services\PharmacyNotificationService\pharmacy_notifications.ini = Emar.Services\PharmacyNotificationService\pharmacy_notifications.ini
	EndProjectSection
EndProject
Project("{2150E333-8FDC-42A3-9474-1A3956D46DE8}") = "Service", "Service", "{481067C0-EC74-4939-B20B-9C40C16E59BE}"
	ProjectSection(SolutionItems) = preProject
		Emar.Core\PharmacyNotifications\Service\IPharmacyNotificationService.cs = Emar.Core\PharmacyNotifications\Service\IPharmacyNotificationService.cs
		Emar.Core\PharmacyNotifications\Service\PharmacyNotificationService.cs = Emar.Core\PharmacyNotifications\Service\PharmacyNotificationService.cs
	EndProjectSection
EndProject
Global
	GlobalSection(SolutionConfigurationPlatforms) = preSolution
		Debug|Any CPU = Debug|Any CPU
		QA|Any CPU = QA|Any CPU
		Release|Any CPU = Release|Any CPU
		RougeValley|Any CPU = RougeValley|Any CPU
	EndGlobalSection
	GlobalSection(ProjectConfigurationPlatforms) = postSolution
		{C3725B3A-4558-4734-B407-861516504278}.Debug|Any CPU.ActiveCfg = Debug|Any CPU
		{C3725B3A-4558-4734-B407-861516504278}.Debug|Any CPU.Build.0 = Debug|Any CPU
		{C3725B3A-4558-4734-B407-861516504278}.QA|Any CPU.ActiveCfg = QA|Any CPU
		{C3725B3A-4558-4734-B407-861516504278}.QA|Any CPU.Build.0 = QA|Any CPU
		{C3725B3A-4558-4734-B407-861516504278}.Release|Any CPU.ActiveCfg = RougeValley|Any CPU
		{C3725B3A-4558-4734-B407-861516504278}.Release|Any CPU.Build.0 = RougeValley|Any CPU
		{C3725B3A-4558-4734-B407-861516504278}.RougeValley|Any CPU.ActiveCfg = RougeValley|Any CPU
		{C3725B3A-4558-4734-B407-861516504278}.RougeValley|Any CPU.Build.0 = RougeValley|Any CPU
		{F089406B-FB11-4F66-ABA2-5CC61A76BC38}.Debug|Any CPU.ActiveCfg = Debug|Any CPU
		{F089406B-FB11-4F66-ABA2-5CC61A76BC38}.Debug|Any CPU.Build.0 = Debug|Any CPU
		{F089406B-FB11-4F66-ABA2-5CC61A76BC38}.QA|Any CPU.ActiveCfg = QA|Any CPU
		{F089406B-FB11-4F66-ABA2-5CC61A76BC38}.QA|Any CPU.Build.0 = QA|Any CPU
		{F089406B-FB11-4F66-ABA2-5CC61A76BC38}.Release|Any CPU.ActiveCfg = RougeValley|Any CPU
		{F089406B-FB11-4F66-ABA2-5CC61A76BC38}.Release|Any CPU.Build.0 = RougeValley|Any CPU
		{F089406B-FB11-4F66-ABA2-5CC61A76BC38}.RougeValley|Any CPU.ActiveCfg = RougeValley|Any CPU
		{F089406B-FB11-4F66-ABA2-5CC61A76BC38}.RougeValley|Any CPU.Build.0 = RougeValley|Any CPU
		{FED05D97-5851-44BB-8665-4238C7EDB4E4}.Debug|Any CPU.ActiveCfg = Debug|Any CPU
		{FED05D97-5851-44BB-8665-4238C7EDB4E4}.Debug|Any CPU.Build.0 = Debug|Any CPU
		{FED05D97-5851-44BB-8665-4238C7EDB4E4}.QA|Any CPU.ActiveCfg = QA|Any CPU
		{FED05D97-5851-44BB-8665-4238C7EDB4E4}.QA|Any CPU.Build.0 = QA|Any CPU
		{FED05D97-5851-44BB-8665-4238C7EDB4E4}.Release|Any CPU.ActiveCfg = RougeValley|Any CPU
		{FED05D97-5851-44BB-8665-4238C7EDB4E4}.Release|Any CPU.Build.0 = RougeValley|Any CPU
		{FED05D97-5851-44BB-8665-4238C7EDB4E4}.RougeValley|Any CPU.ActiveCfg = RougeValley|Any CPU
		{FED05D97-5851-44BB-8665-4238C7EDB4E4}.RougeValley|Any CPU.Build.0 = RougeValley|Any CPU
		{453C26EB-49F2-40E3-8725-7B9F3F8195A3}.Debug|Any CPU.ActiveCfg = Debug|Any CPU
		{453C26EB-49F2-40E3-8725-7B9F3F8195A3}.Debug|Any CPU.Build.0 = Debug|Any CPU
		{453C26EB-49F2-40E3-8725-7B9F3F8195A3}.QA|Any CPU.ActiveCfg = QA|Any CPU
		{453C26EB-49F2-40E3-8725-7B9F3F8195A3}.QA|Any CPU.Build.0 = QA|Any CPU
		{453C26EB-49F2-40E3-8725-7B9F3F8195A3}.Release|Any CPU.ActiveCfg = RougeValley|Any CPU
		{453C26EB-49F2-40E3-8725-7B9F3F8195A3}.Release|Any CPU.Build.0 = RougeValley|Any CPU
		{453C26EB-49F2-40E3-8725-7B9F3F8195A3}.RougeValley|Any CPU.ActiveCfg = RougeValley|Any CPU
		{453C26EB-49F2-40E3-8725-7B9F3F8195A3}.RougeValley|Any CPU.Build.0 = RougeValley|Any CPU
		{079376D2-F7AE-4FA2-AD03-B6C4955E4427}.Debug|Any CPU.ActiveCfg = Debug|Any CPU
		{079376D2-F7AE-4FA2-AD03-B6C4955E4427}.Debug|Any CPU.Build.0 = Debug|Any CPU
		{079376D2-F7AE-4FA2-AD03-B6C4955E4427}.QA|Any CPU.ActiveCfg = QA|Any CPU
		{079376D2-F7AE-4FA2-AD03-B6C4955E4427}.QA|Any CPU.Build.0 = QA|Any CPU
		{079376D2-F7AE-4FA2-AD03-B6C4955E4427}.Release|Any CPU.ActiveCfg = RougeValley|Any CPU
		{079376D2-F7AE-4FA2-AD03-B6C4955E4427}.Release|Any CPU.Build.0 = RougeValley|Any CPU
		{079376D2-F7AE-4FA2-AD03-B6C4955E4427}.RougeValley|Any CPU.ActiveCfg = RougeValley|Any CPU
		{079376D2-F7AE-4FA2-AD03-B6C4955E4427}.RougeValley|Any CPU.Build.0 = RougeValley|Any CPU
		{8373C412-71F7-4758-8560-4AC552D68A42}.Debug|Any CPU.ActiveCfg = Debug|Any CPU
		{8373C412-71F7-4758-8560-4AC552D68A42}.Debug|Any CPU.Build.0 = Debug|Any CPU
		{8373C412-71F7-4758-8560-4AC552D68A42}.QA|Any CPU.ActiveCfg = QA|Any CPU
		{8373C412-71F7-4758-8560-4AC552D68A42}.QA|Any CPU.Build.0 = QA|Any CPU
		{8373C412-71F7-4758-8560-4AC552D68A42}.Release|Any CPU.ActiveCfg = RougeValley|Any CPU
		{8373C412-71F7-4758-8560-4AC552D68A42}.Release|Any CPU.Build.0 = RougeValley|Any CPU
		{8373C412-71F7-4758-8560-4AC552D68A42}.RougeValley|Any CPU.ActiveCfg = RougeValley|Any CPU
		{8373C412-71F7-4758-8560-4AC552D68A42}.RougeValley|Any CPU.Build.0 = RougeValley|Any CPU
		{0843B151-96B1-4E44-A1A0-457E5FEDD21F}.Debug|Any CPU.ActiveCfg = Debug|Any CPU
		{0843B151-96B1-4E44-A1A0-457E5FEDD21F}.Debug|Any CPU.Build.0 = Debug|Any CPU
		{0843B151-96B1-4E44-A1A0-457E5FEDD21F}.QA|Any CPU.ActiveCfg = QA|Any CPU
		{0843B151-96B1-4E44-A1A0-457E5FEDD21F}.QA|Any CPU.Build.0 = QA|Any CPU
		{0843B151-96B1-4E44-A1A0-457E5FEDD21F}.Release|Any CPU.ActiveCfg = RougeValley|Any CPU
		{0843B151-96B1-4E44-A1A0-457E5FEDD21F}.Release|Any CPU.Build.0 = RougeValley|Any CPU
		{0843B151-96B1-4E44-A1A0-457E5FEDD21F}.RougeValley|Any CPU.ActiveCfg = RougeValley|Any CPU
		{0843B151-96B1-4E44-A1A0-457E5FEDD21F}.RougeValley|Any CPU.Build.0 = RougeValley|Any CPU
		{4332807B-945E-4CDA-BAB7-D2C5EAD98888}.Debug|Any CPU.ActiveCfg = Debug|Any CPU
		{4332807B-945E-4CDA-BAB7-D2C5EAD98888}.Debug|Any CPU.Build.0 = Debug|Any CPU
		{4332807B-945E-4CDA-BAB7-D2C5EAD98888}.QA|Any CPU.ActiveCfg = QA|Any CPU
		{4332807B-945E-4CDA-BAB7-D2C5EAD98888}.QA|Any CPU.Build.0 = QA|Any CPU
		{4332807B-945E-4CDA-BAB7-D2C5EAD98888}.Release|Any CPU.ActiveCfg = RougeValley|Any CPU
		{4332807B-945E-4CDA-BAB7-D2C5EAD98888}.Release|Any CPU.Build.0 = RougeValley|Any CPU
		{4332807B-945E-4CDA-BAB7-D2C5EAD98888}.RougeValley|Any CPU.ActiveCfg = RougeValley|Any CPU
		{4332807B-945E-4CDA-BAB7-D2C5EAD98888}.RougeValley|Any CPU.Build.0 = RougeValley|Any CPU
		{0B3A5EB1-5620-4744-9015-83D11B0D9C30}.Debug|Any CPU.ActiveCfg = Debug|Any CPU
		{0B3A5EB1-5620-4744-9015-83D11B0D9C30}.Debug|Any CPU.Build.0 = Debug|Any CPU
		{0B3A5EB1-5620-4744-9015-83D11B0D9C30}.QA|Any CPU.ActiveCfg = QA|Any CPU
		{0B3A5EB1-5620-4744-9015-83D11B0D9C30}.QA|Any CPU.Build.0 = QA|Any CPU
		{0B3A5EB1-5620-4744-9015-83D11B0D9C30}.Release|Any CPU.ActiveCfg = RougeValley|Any CPU
		{0B3A5EB1-5620-4744-9015-83D11B0D9C30}.Release|Any CPU.Build.0 = RougeValley|Any CPU
		{0B3A5EB1-5620-4744-9015-83D11B0D9C30}.RougeValley|Any CPU.ActiveCfg = RougeValley|Any CPU
		{0B3A5EB1-5620-4744-9015-83D11B0D9C30}.RougeValley|Any CPU.Build.0 = RougeValley|Any CPU
		{B6130E1E-8B6A-4528-94DE-CD6ECADB9511}.Debug|Any CPU.ActiveCfg = Debug|Any CPU
		{B6130E1E-8B6A-4528-94DE-CD6ECADB9511}.Debug|Any CPU.Build.0 = Debug|Any CPU
		{B6130E1E-8B6A-4528-94DE-CD6ECADB9511}.QA|Any CPU.ActiveCfg = QA|Any CPU
		{B6130E1E-8B6A-4528-94DE-CD6ECADB9511}.QA|Any CPU.Build.0 = QA|Any CPU
		{B6130E1E-8B6A-4528-94DE-CD6ECADB9511}.Release|Any CPU.ActiveCfg = RougeValley|Any CPU
		{B6130E1E-8B6A-4528-94DE-CD6ECADB9511}.Release|Any CPU.Build.0 = RougeValley|Any CPU
		{B6130E1E-8B6A-4528-94DE-CD6ECADB9511}.RougeValley|Any CPU.ActiveCfg = RougeValley|Any CPU
		{B6130E1E-8B6A-4528-94DE-CD6ECADB9511}.RougeValley|Any CPU.Build.0 = RougeValley|Any CPU
		{D0313DF1-89A1-49C5-859C-17A1496AB60B}.Debug|Any CPU.ActiveCfg = Debug|Any CPU
		{D0313DF1-89A1-49C5-859C-17A1496AB60B}.Debug|Any CPU.Build.0 = Debug|Any CPU
		{D0313DF1-89A1-49C5-859C-17A1496AB60B}.QA|Any CPU.ActiveCfg = QA|Any CPU
		{D0313DF1-89A1-49C5-859C-17A1496AB60B}.QA|Any CPU.Build.0 = QA|Any CPU
		{D0313DF1-89A1-49C5-859C-17A1496AB60B}.Release|Any CPU.ActiveCfg = RougeValley|Any CPU
		{D0313DF1-89A1-49C5-859C-17A1496AB60B}.Release|Any CPU.Build.0 = RougeValley|Any CPU
		{D0313DF1-89A1-49C5-859C-17A1496AB60B}.RougeValley|Any CPU.ActiveCfg = RougeValley|Any CPU
		{D0313DF1-89A1-49C5-859C-17A1496AB60B}.RougeValley|Any CPU.Build.0 = RougeValley|Any CPU
		{653AF75B-678A-42DA-A60E-D1BE4757D270}.Debug|Any CPU.ActiveCfg = Debug|Any CPU
		{653AF75B-678A-42DA-A60E-D1BE4757D270}.Debug|Any CPU.Build.0 = Debug|Any CPU
		{653AF75B-678A-42DA-A60E-D1BE4757D270}.QA|Any CPU.ActiveCfg = QA|Any CPU
		{653AF75B-678A-42DA-A60E-D1BE4757D270}.QA|Any CPU.Build.0 = QA|Any CPU
		{653AF75B-678A-42DA-A60E-D1BE4757D270}.Release|Any CPU.ActiveCfg = RougeValley|Any CPU
		{653AF75B-678A-42DA-A60E-D1BE4757D270}.Release|Any CPU.Build.0 = RougeValley|Any CPU
		{653AF75B-678A-42DA-A60E-D1BE4757D270}.RougeValley|Any CPU.ActiveCfg = RougeValley|Any CPU
		{653AF75B-678A-42DA-A60E-D1BE4757D270}.RougeValley|Any CPU.Build.0 = RougeValley|Any CPU
		{CAB7C7F8-E36E-48E3-AD96-0CC85F35B30E}.Debug|Any CPU.ActiveCfg = Debug|Any CPU
		{CAB7C7F8-E36E-48E3-AD96-0CC85F35B30E}.Debug|Any CPU.Build.0 = Debug|Any CPU
		{CAB7C7F8-E36E-48E3-AD96-0CC85F35B30E}.QA|Any CPU.ActiveCfg = QA|Any CPU
		{CAB7C7F8-E36E-48E3-AD96-0CC85F35B30E}.QA|Any CPU.Build.0 = QA|Any CPU
		{CAB7C7F8-E36E-48E3-AD96-0CC85F35B30E}.Release|Any CPU.ActiveCfg = RougeValley|Any CPU
		{CAB7C7F8-E36E-48E3-AD96-0CC85F35B30E}.Release|Any CPU.Build.0 = RougeValley|Any CPU
		{CAB7C7F8-E36E-48E3-AD96-0CC85F35B30E}.RougeValley|Any CPU.ActiveCfg = RougeValley|Any CPU
		{CAB7C7F8-E36E-48E3-AD96-0CC85F35B30E}.RougeValley|Any CPU.Build.0 = RougeValley|Any CPU
		{C34A7754-0C2E-4AC7-8147-245445F0951D}.Debug|Any CPU.ActiveCfg = Debug|Any CPU
		{C34A7754-0C2E-4AC7-8147-245445F0951D}.Debug|Any CPU.Build.0 = Debug|Any CPU
		{C34A7754-0C2E-4AC7-8147-245445F0951D}.QA|Any CPU.ActiveCfg = QA|Any CPU
		{C34A7754-0C2E-4AC7-8147-245445F0951D}.QA|Any CPU.Build.0 = QA|Any CPU
		{C34A7754-0C2E-4AC7-8147-245445F0951D}.Release|Any CPU.ActiveCfg = RougeValley|Any CPU
		{C34A7754-0C2E-4AC7-8147-245445F0951D}.Release|Any CPU.Build.0 = RougeValley|Any CPU
		{C34A7754-0C2E-4AC7-8147-245445F0951D}.RougeValley|Any CPU.ActiveCfg = RougeValley|Any CPU
		{C34A7754-0C2E-4AC7-8147-245445F0951D}.RougeValley|Any CPU.Build.0 = RougeValley|Any CPU
		{99DC925E-712E-459B-9D0F-2DEF7B81433D}.Debug|Any CPU.ActiveCfg = Debug|Any CPU
		{99DC925E-712E-459B-9D0F-2DEF7B81433D}.Debug|Any CPU.Build.0 = Debug|Any CPU
		{99DC925E-712E-459B-9D0F-2DEF7B81433D}.QA|Any CPU.ActiveCfg = Release|Any CPU
		{99DC925E-712E-459B-9D0F-2DEF7B81433D}.QA|Any CPU.Build.0 = Release|Any CPU
		{99DC925E-712E-459B-9D0F-2DEF7B81433D}.Release|Any CPU.ActiveCfg = Release|Any CPU
		{99DC925E-712E-459B-9D0F-2DEF7B81433D}.Release|Any CPU.Build.0 = Release|Any CPU
		{99DC925E-712E-459B-9D0F-2DEF7B81433D}.RougeValley|Any CPU.ActiveCfg = Release|Any CPU
		{99DC925E-712E-459B-9D0F-2DEF7B81433D}.RougeValley|Any CPU.Build.0 = Release|Any CPU
		{DDD20565-0CCA-4244-B244-500C4A567C2A}.Debug|Any CPU.ActiveCfg = Debug|Any CPU
		{DDD20565-0CCA-4244-B244-500C4A567C2A}.Debug|Any CPU.Build.0 = Debug|Any CPU
		{DDD20565-0CCA-4244-B244-500C4A567C2A}.QA|Any CPU.ActiveCfg = Release|Any CPU
		{DDD20565-0CCA-4244-B244-500C4A567C2A}.QA|Any CPU.Build.0 = Release|Any CPU
		{DDD20565-0CCA-4244-B244-500C4A567C2A}.Release|Any CPU.ActiveCfg = Release|Any CPU
		{DDD20565-0CCA-4244-B244-500C4A567C2A}.Release|Any CPU.Build.0 = Release|Any CPU
		{DDD20565-0CCA-4244-B244-500C4A567C2A}.RougeValley|Any CPU.ActiveCfg = Release|Any CPU
		{DDD20565-0CCA-4244-B244-500C4A567C2A}.RougeValley|Any CPU.Build.0 = Release|Any CPU
		{B547EE3B-7F3D-4AC0-B4FB-EBF5C9FF68D3}.Debug|Any CPU.ActiveCfg = Debug|Any CPU
		{B547EE3B-7F3D-4AC0-B4FB-EBF5C9FF68D3}.Debug|Any CPU.Build.0 = Debug|Any CPU
		{B547EE3B-7F3D-4AC0-B4FB-EBF5C9FF68D3}.QA|Any CPU.ActiveCfg = Release|Any CPU
		{B547EE3B-7F3D-4AC0-B4FB-EBF5C9FF68D3}.QA|Any CPU.Build.0 = Release|Any CPU
		{B547EE3B-7F3D-4AC0-B4FB-EBF5C9FF68D3}.Release|Any CPU.ActiveCfg = Release|Any CPU
		{B547EE3B-7F3D-4AC0-B4FB-EBF5C9FF68D3}.Release|Any CPU.Build.0 = Release|Any CPU
		{B547EE3B-7F3D-4AC0-B4FB-EBF5C9FF68D3}.RougeValley|Any CPU.ActiveCfg = Release|Any CPU
		{B547EE3B-7F3D-4AC0-B4FB-EBF5C9FF68D3}.RougeValley|Any CPU.Build.0 = Release|Any CPU
		{1BBE2DEF-A5D8-48AD-8030-4FED925BAA95}.Debug|Any CPU.ActiveCfg = Debug|Any CPU
		{1BBE2DEF-A5D8-48AD-8030-4FED925BAA95}.Debug|Any CPU.Build.0 = Debug|Any CPU
		{1BBE2DEF-A5D8-48AD-8030-4FED925BAA95}.QA|Any CPU.ActiveCfg = Release|Any CPU
		{1BBE2DEF-A5D8-48AD-8030-4FED925BAA95}.QA|Any CPU.Build.0 = Release|Any CPU
		{1BBE2DEF-A5D8-48AD-8030-4FED925BAA95}.Release|Any CPU.ActiveCfg = Release|Any CPU
		{1BBE2DEF-A5D8-48AD-8030-4FED925BAA95}.Release|Any CPU.Build.0 = Release|Any CPU
		{1BBE2DEF-A5D8-48AD-8030-4FED925BAA95}.RougeValley|Any CPU.ActiveCfg = Release|Any CPU
		{1BBE2DEF-A5D8-48AD-8030-4FED925BAA95}.RougeValley|Any CPU.Build.0 = Release|Any CPU
		{4C1B6636-2632-467A-B0A0-2FFB3D4FB5BF}.Debug|Any CPU.ActiveCfg = Debug|Any CPU
		{4C1B6636-2632-467A-B0A0-2FFB3D4FB5BF}.Debug|Any CPU.Build.0 = Debug|Any CPU
		{4C1B6636-2632-467A-B0A0-2FFB3D4FB5BF}.QA|Any CPU.ActiveCfg = Release|Any CPU
		{4C1B6636-2632-467A-B0A0-2FFB3D4FB5BF}.QA|Any CPU.Build.0 = Release|Any CPU
		{4C1B6636-2632-467A-B0A0-2FFB3D4FB5BF}.Release|Any CPU.ActiveCfg = Release|Any CPU
		{4C1B6636-2632-467A-B0A0-2FFB3D4FB5BF}.Release|Any CPU.Build.0 = Release|Any CPU
		{4C1B6636-2632-467A-B0A0-2FFB3D4FB5BF}.RougeValley|Any CPU.ActiveCfg = Release|Any CPU
		{4C1B6636-2632-467A-B0A0-2FFB3D4FB5BF}.RougeValley|Any CPU.Build.0 = Release|Any CPU
		{40D85247-8190-4BF6-82C3-F07BDA55F60A}.Debug|Any CPU.ActiveCfg = Debug|Any CPU
		{40D85247-8190-4BF6-82C3-F07BDA55F60A}.Debug|Any CPU.Build.0 = Debug|Any CPU
		{40D85247-8190-4BF6-82C3-F07BDA55F60A}.QA|Any CPU.ActiveCfg = Release|Any CPU
		{40D85247-8190-4BF6-82C3-F07BDA55F60A}.QA|Any CPU.Build.0 = Release|Any CPU
		{40D85247-8190-4BF6-82C3-F07BDA55F60A}.Release|Any CPU.ActiveCfg = Release|Any CPU
		{40D85247-8190-4BF6-82C3-F07BDA55F60A}.Release|Any CPU.Build.0 = Release|Any CPU
		{40D85247-8190-4BF6-82C3-F07BDA55F60A}.RougeValley|Any CPU.ActiveCfg = Release|Any CPU
		{40D85247-8190-4BF6-82C3-F07BDA55F60A}.RougeValley|Any CPU.Build.0 = Release|Any CPU
		{10EC0FB2-7250-46AD-A2A3-690DEA9764E2}.Debug|Any CPU.ActiveCfg = Debug|Any CPU
		{10EC0FB2-7250-46AD-A2A3-690DEA9764E2}.Debug|Any CPU.Build.0 = Debug|Any CPU
		{10EC0FB2-7250-46AD-A2A3-690DEA9764E2}.QA|Any CPU.ActiveCfg = Release|Any CPU
		{10EC0FB2-7250-46AD-A2A3-690DEA9764E2}.QA|Any CPU.Build.0 = Release|Any CPU
		{10EC0FB2-7250-46AD-A2A3-690DEA9764E2}.Release|Any CPU.ActiveCfg = Release|Any CPU
		{10EC0FB2-7250-46AD-A2A3-690DEA9764E2}.Release|Any CPU.Build.0 = Release|Any CPU
		{10EC0FB2-7250-46AD-A2A3-690DEA9764E2}.RougeValley|Any CPU.ActiveCfg = Release|Any CPU
		{10EC0FB2-7250-46AD-A2A3-690DEA9764E2}.RougeValley|Any CPU.Build.0 = Release|Any CPU
		{1481920D-5023-43BE-A545-341372EB4841}.Debug|Any CPU.ActiveCfg = Debug|Any CPU
		{1481920D-5023-43BE-A545-341372EB4841}.Debug|Any CPU.Build.0 = Debug|Any CPU
		{1481920D-5023-43BE-A545-341372EB4841}.QA|Any CPU.ActiveCfg = Release|Any CPU
		{1481920D-5023-43BE-A545-341372EB4841}.QA|Any CPU.Build.0 = Release|Any CPU
		{1481920D-5023-43BE-A545-341372EB4841}.Release|Any CPU.ActiveCfg = Release|Any CPU
		{1481920D-5023-43BE-A545-341372EB4841}.Release|Any CPU.Build.0 = Release|Any CPU
		{1481920D-5023-43BE-A545-341372EB4841}.RougeValley|Any CPU.ActiveCfg = Release|Any CPU
		{1481920D-5023-43BE-A545-341372EB4841}.RougeValley|Any CPU.Build.0 = Release|Any CPU
		{B5B6CD89-9749-40B9-8B83-DD8FAE7F0467}.Debug|Any CPU.ActiveCfg = Debug|Any CPU
		{B5B6CD89-9749-40B9-8B83-DD8FAE7F0467}.Debug|Any CPU.Build.0 = Debug|Any CPU
		{B5B6CD89-9749-40B9-8B83-DD8FAE7F0467}.QA|Any CPU.ActiveCfg = QA|Any CPU
		{B5B6CD89-9749-40B9-8B83-DD8FAE7F0467}.QA|Any CPU.Build.0 = QA|Any CPU
		{B5B6CD89-9749-40B9-8B83-DD8FAE7F0467}.Release|Any CPU.ActiveCfg = RougeValley|Any CPU
		{B5B6CD89-9749-40B9-8B83-DD8FAE7F0467}.Release|Any CPU.Build.0 = RougeValley|Any CPU
		{B5B6CD89-9749-40B9-8B83-DD8FAE7F0467}.RougeValley|Any CPU.ActiveCfg = RougeValley|Any CPU
		{B5B6CD89-9749-40B9-8B83-DD8FAE7F0467}.RougeValley|Any CPU.Build.0 = RougeValley|Any CPU
		{AE558CC7-635F-4430-B2CA-2D045871AC32}.Debug|Any CPU.ActiveCfg = Debug|Any CPU
		{AE558CC7-635F-4430-B2CA-2D045871AC32}.Debug|Any CPU.Build.0 = Debug|Any CPU
		{AE558CC7-635F-4430-B2CA-2D045871AC32}.QA|Any CPU.ActiveCfg = Release|Any CPU
		{AE558CC7-635F-4430-B2CA-2D045871AC32}.QA|Any CPU.Build.0 = Release|Any CPU
		{AE558CC7-635F-4430-B2CA-2D045871AC32}.Release|Any CPU.ActiveCfg = Release|Any CPU
		{AE558CC7-635F-4430-B2CA-2D045871AC32}.Release|Any CPU.Build.0 = Release|Any CPU
		{AE558CC7-635F-4430-B2CA-2D045871AC32}.RougeValley|Any CPU.ActiveCfg = Release|Any CPU
		{AE558CC7-635F-4430-B2CA-2D045871AC32}.RougeValley|Any CPU.Build.0 = Release|Any CPU
		{90FE461D-29E7-465B-B829-8F35912F52E6}.Debug|Any CPU.ActiveCfg = Debug|Any CPU
		{90FE461D-29E7-465B-B829-8F35912F52E6}.Debug|Any CPU.Build.0 = Debug|Any CPU
		{90FE461D-29E7-465B-B829-8F35912F52E6}.QA|Any CPU.ActiveCfg = Release|Any CPU
		{90FE461D-29E7-465B-B829-8F35912F52E6}.QA|Any CPU.Build.0 = Release|Any CPU
		{90FE461D-29E7-465B-B829-8F35912F52E6}.Release|Any CPU.ActiveCfg = Release|Any CPU
		{90FE461D-29E7-465B-B829-8F35912F52E6}.Release|Any CPU.Build.0 = Release|Any CPU
		{90FE461D-29E7-465B-B829-8F35912F52E6}.RougeValley|Any CPU.ActiveCfg = Release|Any CPU
		{90FE461D-29E7-465B-B829-8F35912F52E6}.RougeValley|Any CPU.Build.0 = Release|Any CPU
		{FA6AE2B0-6E17-48F4-8E91-96AC59E6A524}.Debug|Any CPU.ActiveCfg = Debug|Any CPU
		{FA6AE2B0-6E17-48F4-8E91-96AC59E6A524}.Debug|Any CPU.Build.0 = Debug|Any CPU
		{FA6AE2B0-6E17-48F4-8E91-96AC59E6A524}.QA|Any CPU.ActiveCfg = Release|Any CPU
		{FA6AE2B0-6E17-48F4-8E91-96AC59E6A524}.QA|Any CPU.Build.0 = Release|Any CPU
		{FA6AE2B0-6E17-48F4-8E91-96AC59E6A524}.Release|Any CPU.ActiveCfg = Release|Any CPU
		{FA6AE2B0-6E17-48F4-8E91-96AC59E6A524}.Release|Any CPU.Build.0 = Release|Any CPU
		{FA6AE2B0-6E17-48F4-8E91-96AC59E6A524}.RougeValley|Any CPU.ActiveCfg = Release|Any CPU
		{FA6AE2B0-6E17-48F4-8E91-96AC59E6A524}.RougeValley|Any CPU.Build.0 = Release|Any CPU
		{301521FC-1F4B-4CE1-A16F-6082915FA722}.Debug|Any CPU.ActiveCfg = Debug|Any CPU
		{301521FC-1F4B-4CE1-A16F-6082915FA722}.Debug|Any CPU.Build.0 = Debug|Any CPU
		{301521FC-1F4B-4CE1-A16F-6082915FA722}.QA|Any CPU.ActiveCfg = Release|Any CPU
		{301521FC-1F4B-4CE1-A16F-6082915FA722}.QA|Any CPU.Build.0 = Release|Any CPU
		{301521FC-1F4B-4CE1-A16F-6082915FA722}.Release|Any CPU.ActiveCfg = Release|Any CPU
		{301521FC-1F4B-4CE1-A16F-6082915FA722}.Release|Any CPU.Build.0 = Release|Any CPU
		{301521FC-1F4B-4CE1-A16F-6082915FA722}.RougeValley|Any CPU.ActiveCfg = Release|Any CPU
		{301521FC-1F4B-4CE1-A16F-6082915FA722}.RougeValley|Any CPU.Build.0 = Release|Any CPU
		{89FCE7CB-67E7-4804-A5E5-C43F6E50D266}.Debug|Any CPU.ActiveCfg = Debug|Any CPU
		{89FCE7CB-67E7-4804-A5E5-C43F6E50D266}.Debug|Any CPU.Build.0 = Debug|Any CPU
		{89FCE7CB-67E7-4804-A5E5-C43F6E50D266}.QA|Any CPU.ActiveCfg = Release|Any CPU
		{89FCE7CB-67E7-4804-A5E5-C43F6E50D266}.QA|Any CPU.Build.0 = Release|Any CPU
		{89FCE7CB-67E7-4804-A5E5-C43F6E50D266}.Release|Any CPU.ActiveCfg = Release|Any CPU
		{89FCE7CB-67E7-4804-A5E5-C43F6E50D266}.Release|Any CPU.Build.0 = Release|Any CPU
		{89FCE7CB-67E7-4804-A5E5-C43F6E50D266}.RougeValley|Any CPU.ActiveCfg = Release|Any CPU
		{89FCE7CB-67E7-4804-A5E5-C43F6E50D266}.RougeValley|Any CPU.Build.0 = Release|Any CPU
		{C3F07449-DF29-4233-8B30-D6EC0B89E5F5}.Debug|Any CPU.ActiveCfg = Debug|Any CPU
		{C3F07449-DF29-4233-8B30-D6EC0B89E5F5}.Debug|Any CPU.Build.0 = Debug|Any CPU
		{C3F07449-DF29-4233-8B30-D6EC0B89E5F5}.QA|Any CPU.ActiveCfg = Release|Any CPU
		{C3F07449-DF29-4233-8B30-D6EC0B89E5F5}.QA|Any CPU.Build.0 = Release|Any CPU
		{C3F07449-DF29-4233-8B30-D6EC0B89E5F5}.Release|Any CPU.ActiveCfg = Release|Any CPU
		{C3F07449-DF29-4233-8B30-D6EC0B89E5F5}.Release|Any CPU.Build.0 = Release|Any CPU
		{C3F07449-DF29-4233-8B30-D6EC0B89E5F5}.RougeValley|Any CPU.ActiveCfg = Release|Any CPU
		{C3F07449-DF29-4233-8B30-D6EC0B89E5F5}.RougeValley|Any CPU.Build.0 = Release|Any CPU
		{D71507E7-1AF1-4687-B281-7ACF550A68D1}.Debug|Any CPU.ActiveCfg = Debug|Any CPU
		{D71507E7-1AF1-4687-B281-7ACF550A68D1}.Debug|Any CPU.Build.0 = Debug|Any CPU
		{D71507E7-1AF1-4687-B281-7ACF550A68D1}.QA|Any CPU.ActiveCfg = Release|Any CPU
		{D71507E7-1AF1-4687-B281-7ACF550A68D1}.QA|Any CPU.Build.0 = Release|Any CPU
		{D71507E7-1AF1-4687-B281-7ACF550A68D1}.Release|Any CPU.ActiveCfg = Release|Any CPU
		{D71507E7-1AF1-4687-B281-7ACF550A68D1}.Release|Any CPU.Build.0 = Release|Any CPU
		{D71507E7-1AF1-4687-B281-7ACF550A68D1}.RougeValley|Any CPU.ActiveCfg = Release|Any CPU
		{D71507E7-1AF1-4687-B281-7ACF550A68D1}.RougeValley|Any CPU.Build.0 = Release|Any CPU
		{BA74F16F-62B5-45D1-A3D3-FC0D6598D60E}.Debug|Any CPU.ActiveCfg = Debug|Any CPU
		{BA74F16F-62B5-45D1-A3D3-FC0D6598D60E}.Debug|Any CPU.Build.0 = Debug|Any CPU
		{BA74F16F-62B5-45D1-A3D3-FC0D6598D60E}.QA|Any CPU.ActiveCfg = Release|Any CPU
		{BA74F16F-62B5-45D1-A3D3-FC0D6598D60E}.QA|Any CPU.Build.0 = Release|Any CPU
		{BA74F16F-62B5-45D1-A3D3-FC0D6598D60E}.Release|Any CPU.ActiveCfg = Release|Any CPU
		{BA74F16F-62B5-45D1-A3D3-FC0D6598D60E}.Release|Any CPU.Build.0 = Release|Any CPU
		{BA74F16F-62B5-45D1-A3D3-FC0D6598D60E}.RougeValley|Any CPU.ActiveCfg = Release|Any CPU
		{BA74F16F-62B5-45D1-A3D3-FC0D6598D60E}.RougeValley|Any CPU.Build.0 = Release|Any CPU
		{81E37AD1-A094-4E31-9337-A05B8B87BF7B}.Debug|Any CPU.ActiveCfg = Debug|Any CPU
		{81E37AD1-A094-4E31-9337-A05B8B87BF7B}.Debug|Any CPU.Build.0 = Debug|Any CPU
		{81E37AD1-A094-4E31-9337-A05B8B87BF7B}.QA|Any CPU.ActiveCfg = Release|Any CPU
		{81E37AD1-A094-4E31-9337-A05B8B87BF7B}.QA|Any CPU.Build.0 = Release|Any CPU
		{81E37AD1-A094-4E31-9337-A05B8B87BF7B}.Release|Any CPU.ActiveCfg = Release|Any CPU
		{81E37AD1-A094-4E31-9337-A05B8B87BF7B}.Release|Any CPU.Build.0 = Release|Any CPU
		{81E37AD1-A094-4E31-9337-A05B8B87BF7B}.RougeValley|Any CPU.ActiveCfg = Release|Any CPU
		{81E37AD1-A094-4E31-9337-A05B8B87BF7B}.RougeValley|Any CPU.Build.0 = Release|Any CPU
		{63A0F235-C872-4954-A944-448FBBB33450}.Debug|Any CPU.ActiveCfg = Debug|Any CPU
		{63A0F235-C872-4954-A944-448FBBB33450}.Debug|Any CPU.Build.0 = Debug|Any CPU
		{63A0F235-C872-4954-A944-448FBBB33450}.QA|Any CPU.ActiveCfg = Release|Any CPU
		{63A0F235-C872-4954-A944-448FBBB33450}.QA|Any CPU.Build.0 = Release|Any CPU
		{63A0F235-C872-4954-A944-448FBBB33450}.Release|Any CPU.ActiveCfg = Release|Any CPU
		{63A0F235-C872-4954-A944-448FBBB33450}.Release|Any CPU.Build.0 = Release|Any CPU
		{63A0F235-C872-4954-A944-448FBBB33450}.RougeValley|Any CPU.ActiveCfg = Release|Any CPU
		{63A0F235-C872-4954-A944-448FBBB33450}.RougeValley|Any CPU.Build.0 = Release|Any CPU
		{ADF29DD7-72FB-4141-9ED4-D7394C3E6461}.Debug|Any CPU.ActiveCfg = Debug|Any CPU
		{ADF29DD7-72FB-4141-9ED4-D7394C3E6461}.Debug|Any CPU.Build.0 = Debug|Any CPU
		{ADF29DD7-72FB-4141-9ED4-D7394C3E6461}.QA|Any CPU.ActiveCfg = Release|Any CPU
		{ADF29DD7-72FB-4141-9ED4-D7394C3E6461}.QA|Any CPU.Build.0 = Release|Any CPU
		{ADF29DD7-72FB-4141-9ED4-D7394C3E6461}.Release|Any CPU.ActiveCfg = Release|Any CPU
		{ADF29DD7-72FB-4141-9ED4-D7394C3E6461}.Release|Any CPU.Build.0 = Release|Any CPU
		{ADF29DD7-72FB-4141-9ED4-D7394C3E6461}.RougeValley|Any CPU.ActiveCfg = Release|Any CPU
		{ADF29DD7-72FB-4141-9ED4-D7394C3E6461}.RougeValley|Any CPU.Build.0 = Release|Any CPU
		{319EABF5-7112-48CF-AE13-14B970134F91}.Debug|Any CPU.ActiveCfg = Debug|Any CPU
		{319EABF5-7112-48CF-AE13-14B970134F91}.Debug|Any CPU.Build.0 = Debug|Any CPU
		{319EABF5-7112-48CF-AE13-14B970134F91}.QA|Any CPU.ActiveCfg = Debug|Any CPU
		{319EABF5-7112-48CF-AE13-14B970134F91}.QA|Any CPU.Build.0 = Debug|Any CPU
		{319EABF5-7112-48CF-AE13-14B970134F91}.Release|Any CPU.ActiveCfg = Release|Any CPU
		{319EABF5-7112-48CF-AE13-14B970134F91}.Release|Any CPU.Build.0 = Release|Any CPU
		{319EABF5-7112-48CF-AE13-14B970134F91}.RougeValley|Any CPU.ActiveCfg = Release|Any CPU
		{319EABF5-7112-48CF-AE13-14B970134F91}.RougeValley|Any CPU.Build.0 = Release|Any CPU
		{428EF848-627D-40B5-B852-595144DA16C8}.Debug|Any CPU.ActiveCfg = Debug|Any CPU
		{428EF848-627D-40B5-B852-595144DA16C8}.Debug|Any CPU.Build.0 = Debug|Any CPU
		{428EF848-627D-40B5-B852-595144DA16C8}.QA|Any CPU.ActiveCfg = Debug|Any CPU
		{428EF848-627D-40B5-B852-595144DA16C8}.QA|Any CPU.Build.0 = Debug|Any CPU
		{428EF848-627D-40B5-B852-595144DA16C8}.Release|Any CPU.ActiveCfg = Release|Any CPU
		{428EF848-627D-40B5-B852-595144DA16C8}.Release|Any CPU.Build.0 = Release|Any CPU
		{428EF848-627D-40B5-B852-595144DA16C8}.RougeValley|Any CPU.ActiveCfg = Release|Any CPU
		{428EF848-627D-40B5-B852-595144DA16C8}.RougeValley|Any CPU.Build.0 = Release|Any CPU
		{7E89730A-8C9E-4984-8C7C-62DA03AC0332}.Debug|Any CPU.ActiveCfg = Debug|Any CPU
		{7E89730A-8C9E-4984-8C7C-62DA03AC0332}.Debug|Any CPU.Build.0 = Debug|Any CPU
		{7E89730A-8C9E-4984-8C7C-62DA03AC0332}.QA|Any CPU.ActiveCfg = Debug|Any CPU
		{7E89730A-8C9E-4984-8C7C-62DA03AC0332}.QA|Any CPU.Build.0 = Debug|Any CPU
		{7E89730A-8C9E-4984-8C7C-62DA03AC0332}.Release|Any CPU.ActiveCfg = Release|Any CPU
		{7E89730A-8C9E-4984-8C7C-62DA03AC0332}.Release|Any CPU.Build.0 = Release|Any CPU
		{7E89730A-8C9E-4984-8C7C-62DA03AC0332}.RougeValley|Any CPU.ActiveCfg = Release|Any CPU
		{7E89730A-8C9E-4984-8C7C-62DA03AC0332}.RougeValley|Any CPU.Build.0 = Release|Any CPU
		{71D592FB-F8D2-4CD1-BA83-01AA8B02C039}.Debug|Any CPU.ActiveCfg = Debug|Any CPU
		{71D592FB-F8D2-4CD1-BA83-01AA8B02C039}.Debug|Any CPU.Build.0 = Debug|Any CPU
		{71D592FB-F8D2-4CD1-BA83-01AA8B02C039}.QA|Any CPU.ActiveCfg = Release|Any CPU
		{71D592FB-F8D2-4CD1-BA83-01AA8B02C039}.QA|Any CPU.Build.0 = Release|Any CPU
		{71D592FB-F8D2-4CD1-BA83-01AA8B02C039}.Release|Any CPU.ActiveCfg = Release|Any CPU
		{71D592FB-F8D2-4CD1-BA83-01AA8B02C039}.Release|Any CPU.Build.0 = Release|Any CPU
		{71D592FB-F8D2-4CD1-BA83-01AA8B02C039}.RougeValley|Any CPU.ActiveCfg = Release|Any CPU
		{71D592FB-F8D2-4CD1-BA83-01AA8B02C039}.RougeValley|Any CPU.Build.0 = Release|Any CPU
		{BAB2FC46-9D8F-4A1E-B6E0-09B4B4AF513E}.Debug|Any CPU.ActiveCfg = Debug
		{BAB2FC46-9D8F-4A1E-B6E0-09B4B4AF513E}.Debug|Any CPU.Build.0 = Debug
		{BAB2FC46-9D8F-4A1E-B6E0-09B4B4AF513E}.QA|Any CPU.ActiveCfg = Release
		{BAB2FC46-9D8F-4A1E-B6E0-09B4B4AF513E}.QA|Any CPU.Build.0 = Release
		{BAB2FC46-9D8F-4A1E-B6E0-09B4B4AF513E}.Release|Any CPU.ActiveCfg = Release
		{BAB2FC46-9D8F-4A1E-B6E0-09B4B4AF513E}.Release|Any CPU.Build.0 = Release
		{BAB2FC46-9D8F-4A1E-B6E0-09B4B4AF513E}.RougeValley|Any CPU.ActiveCfg = Release
		{BAB2FC46-9D8F-4A1E-B6E0-09B4B4AF513E}.RougeValley|Any CPU.Build.0 = Release
		{D549E898-CE43-4279-B511-8589DC76A3FD}.Debug|Any CPU.ActiveCfg = Debug|Any CPU
		{D549E898-CE43-4279-B511-8589DC76A3FD}.Debug|Any CPU.Build.0 = Debug|Any CPU
		{D549E898-CE43-4279-B511-8589DC76A3FD}.QA|Any CPU.ActiveCfg = Debug|Any CPU
		{D549E898-CE43-4279-B511-8589DC76A3FD}.QA|Any CPU.Build.0 = Debug|Any CPU
		{D549E898-CE43-4279-B511-8589DC76A3FD}.Release|Any CPU.ActiveCfg = Release|Any CPU
		{D549E898-CE43-4279-B511-8589DC76A3FD}.Release|Any CPU.Build.0 = Release|Any CPU
		{D549E898-CE43-4279-B511-8589DC76A3FD}.RougeValley|Any CPU.ActiveCfg = Release|Any CPU
		{D549E898-CE43-4279-B511-8589DC76A3FD}.RougeValley|Any CPU.Build.0 = Release|Any CPU
	EndGlobalSection
	GlobalSection(SolutionProperties) = preSolution
		HideSolutionNode = FALSE
	EndGlobalSection
	GlobalSection(NestedProjects) = preSolution
		{C3725B3A-4558-4734-B407-861516504278} = {15AE60C1-32F0-4B28-9BB9-200A68D29595}
		{619C2D5D-E9AF-4A27-A76F-80BAD021923D} = {94FBC419-A49C-4A3C-A2E3-DB8F48D3809F}
		{F089406B-FB11-4F66-ABA2-5CC61A76BC38} = {8ED40716-7A2B-44B8-8568-43959B9F2028}
		{FED05D97-5851-44BB-8665-4238C7EDB4E4} = {619C2D5D-E9AF-4A27-A76F-80BAD021923D}
		{453C26EB-49F2-40E3-8725-7B9F3F8195A3} = {619C2D5D-E9AF-4A27-A76F-80BAD021923D}
		{079376D2-F7AE-4FA2-AD03-B6C4955E4427} = {A44BFDFB-EB80-476A-97B1-EDB6DC9C287A}
		{8373C412-71F7-4758-8560-4AC552D68A42} = {A44BFDFB-EB80-476A-97B1-EDB6DC9C287A}
		{0843B151-96B1-4E44-A1A0-457E5FEDD21F} = {229958F2-64D8-4458-839D-786127C4BA9D}
		{4332807B-945E-4CDA-BAB7-D2C5EAD98888} = {229958F2-64D8-4458-839D-786127C4BA9D}
		{0B3A5EB1-5620-4744-9015-83D11B0D9C30} = {8ED40716-7A2B-44B8-8568-43959B9F2028}
		{B6130E1E-8B6A-4528-94DE-CD6ECADB9511} = {AB16A792-702B-4AC2-A3D0-DC4DACE2876D}
		{D0313DF1-89A1-49C5-859C-17A1496AB60B} = {AB16A792-702B-4AC2-A3D0-DC4DACE2876D}
		{653AF75B-678A-42DA-A60E-D1BE4757D270} = {8ED40716-7A2B-44B8-8568-43959B9F2028}
		{CAB7C7F8-E36E-48E3-AD96-0CC85F35B30E} = {8ED40716-7A2B-44B8-8568-43959B9F2028}
		{C34A7754-0C2E-4AC7-8147-245445F0951D} = {229958F2-64D8-4458-839D-786127C4BA9D}
		{15AE60C1-32F0-4B28-9BB9-200A68D29595} = {94FBC419-A49C-4A3C-A2E3-DB8F48D3809F}
		{AB16A792-702B-4AC2-A3D0-DC4DACE2876D} = {94FBC419-A49C-4A3C-A2E3-DB8F48D3809F}
		{99DC925E-712E-459B-9D0F-2DEF7B81433D} = {A296E6B2-8036-439F-A75D-0D06094F03FF}
		{DDD20565-0CCA-4244-B244-500C4A567C2A} = {A296E6B2-8036-439F-A75D-0D06094F03FF}
		{B547EE3B-7F3D-4AC0-B4FB-EBF5C9FF68D3} = {A296E6B2-8036-439F-A75D-0D06094F03FF}
		{1BBE2DEF-A5D8-48AD-8030-4FED925BAA95} = {A296E6B2-8036-439F-A75D-0D06094F03FF}
		{4C1B6636-2632-467A-B0A0-2FFB3D4FB5BF} = {A296E6B2-8036-439F-A75D-0D06094F03FF}
		{40D85247-8190-4BF6-82C3-F07BDA55F60A} = {229958F2-64D8-4458-839D-786127C4BA9D}
		{10EC0FB2-7250-46AD-A2A3-690DEA9764E2} = {A296E6B2-8036-439F-A75D-0D06094F03FF}
		{1481920D-5023-43BE-A545-341372EB4841} = {229958F2-64D8-4458-839D-786127C4BA9D}
		{B5B6CD89-9749-40B9-8B83-DD8FAE7F0467} = {15AE60C1-32F0-4B28-9BB9-200A68D29595}
		{AE558CC7-635F-4430-B2CA-2D045871AC32} = {229958F2-64D8-4458-839D-786127C4BA9D}
		{90FE461D-29E7-465B-B829-8F35912F52E6} = {1D2E237A-F74C-4464-B54C-C43E3BF32363}
		{FA6AE2B0-6E17-48F4-8E91-96AC59E6A524} = {1D2E237A-F74C-4464-B54C-C43E3BF32363}
		{301521FC-1F4B-4CE1-A16F-6082915FA722} = {1D2E237A-F74C-4464-B54C-C43E3BF32363}
		{89FCE7CB-67E7-4804-A5E5-C43F6E50D266} = {229958F2-64D8-4458-839D-786127C4BA9D}
		{C3F07449-DF29-4233-8B30-D6EC0B89E5F5} = {1D2E237A-F74C-4464-B54C-C43E3BF32363}
		{D71507E7-1AF1-4687-B281-7ACF550A68D1} = {B61CA6D1-1D58-4F0D-AF35-290D82EA1564}
		{BA74F16F-62B5-45D1-A3D3-FC0D6598D60E} = {B61CA6D1-1D58-4F0D-AF35-290D82EA1564}
		{81E37AD1-A094-4E31-9337-A05B8B87BF7B} = {B61CA6D1-1D58-4F0D-AF35-290D82EA1564}
		{63A0F235-C872-4954-A944-448FBBB33450} = {B61CA6D1-1D58-4F0D-AF35-290D82EA1564}
		{ADF29DD7-72FB-4141-9ED4-D7394C3E6461} = {229958F2-64D8-4458-839D-786127C4BA9D}
		{319EABF5-7112-48CF-AE13-14B970134F91} = {15AE60C1-32F0-4B28-9BB9-200A68D29595}
		{428EF848-627D-40B5-B852-595144DA16C8} = {A44BFDFB-EB80-476A-97B1-EDB6DC9C287A}
		{7E89730A-8C9E-4984-8C7C-62DA03AC0332} = {8ED40716-7A2B-44B8-8568-43959B9F2028}
		{71D592FB-F8D2-4CD1-BA83-01AA8B02C039} = {C4C6828B-8E4A-4BBB-808E-E17380B66A3B}
		{BAB2FC46-9D8F-4A1E-B6E0-09B4B4AF513E} = {C4C6828B-8E4A-4BBB-808E-E17380B66A3B}
		{D549E898-CE43-4279-B511-8589DC76A3FD} = {A44BFDFB-EB80-476A-97B1-EDB6DC9C287A}
		{1B50D6C7-1450-4B0B-B81A-B8D07F2E48B6} = {C4C6828B-8E4A-4BBB-808E-E17380B66A3B}
		{481067C0-EC74-4939-B20B-9C40C16E59BE} = {1B50D6C7-1450-4B0B-B81A-B8D07F2E48B6}
	EndGlobalSection
	GlobalSection(ExtensibilityGlobals) = postSolution
		SolutionGuid = {CFBED2A6-D785-4741-B262-46AC47EAC1A4}
	EndGlobalSection
	GlobalSection(TeamFoundationVersionControl) = preSolution
		SccNumberOfProjects = 41
		SccEnterpriseProvider = {4CA58AB2-18FA-4F8D-95D4-32DDF27D184C}
		SccTeamFoundationServer = http://ros-tfs-px01.picis.com:8080/tfs/emar
		SccLocalPath0 = .
		SccProjectUniqueName1 = PulseCheck.API\\PulseCheck.API.csproj
		SccProjectTopLevelParentUniqueName1 = PulseCheck.sln
		SccProjectName1 = PulseCheck.API
		SccLocalPath1 = PulseCheck.API
		SccProjectUniqueName2 = Constants\\PulseCheck.Constants.csproj
		SccProjectTopLevelParentUniqueName2 = PulseCheck.sln
		SccProjectName2 = Constants
		SccLocalPath2 = Constants
		SccProjectUniqueName3 = Host.Configuration\\Host.Configuration.csproj
		SccProjectTopLevelParentUniqueName3 = PulseCheck.sln
		SccProjectName3 = Host.Configuration
		SccLocalPath3 = Host.Configuration
		SccProjectUniqueName4 = Host.Web.Mvc\\Host.Web.Mvc.csproj
		SccProjectTopLevelParentUniqueName4 = PulseCheck.sln
		SccProjectName4 = Host.Web.Mvc
		SccLocalPath4 = Host.Web.Mvc
		SccProjectUniqueName5 = PulseCheck.Logic\\PulseCheck.Logic.csproj
		SccProjectTopLevelParentUniqueName5 = PulseCheck.sln
		SccProjectName5 = PulseCheck.Logic
		SccLocalPath5 = PulseCheck.Logic
		SccProjectUniqueName6 = PulseCheck.ILogic\\PulseCheck.ILogic.csproj
		SccProjectTopLevelParentUniqueName6 = PulseCheck.sln
		SccProjectName6 = PulseCheck.ILogic
		SccLocalPath6 = PulseCheck.ILogic
		SccProjectUniqueName7 = PulseCheck.Utilities\\PulseCheck.Utilities.csproj
		SccProjectTopLevelParentUniqueName7 = PulseCheck.sln
		SccProjectName7 = PulseCheck.Utilities
		SccLocalPath7 = PulseCheck.Utilities
		SccProjectUniqueName8 = PulseCheck.IUtilities\\PulseCheck.IUtilities.csproj
		SccProjectTopLevelParentUniqueName8 = PulseCheck.sln
		SccProjectName8 = PulseCheck.IUtilities
		SccLocalPath8 = PulseCheck.IUtilities
		SccProjectUniqueName9 = PulseCheck.Data\\PulseCheck.Data.csproj
		SccProjectTopLevelParentUniqueName9 = PulseCheck.sln
		SccProjectName9 = PulseCheck.Data
		SccLocalPath9 = PulseCheck.Data
		SccProjectUniqueName10 = PulseCheck.Domain\\PulseCheck.Domain.csproj
		SccProjectTopLevelParentUniqueName10 = PulseCheck.sln
		SccProjectName10 = PulseCheck.Domain
		SccLocalPath10 = PulseCheck.Domain
		SccProjectUniqueName11 = PulseCheck.IDomain\\PulseCheck.IDomain.csproj
		SccProjectTopLevelParentUniqueName11 = PulseCheck.sln
		SccProjectName11 = PulseCheck.IDomain
		SccLocalPath11 = PulseCheck.IDomain
		SccProjectUniqueName12 = PulseCheck.IData\\PulseCheck.IData.csproj
		SccProjectTopLevelParentUniqueName12 = PulseCheck.sln
		SccProjectName12 = PulseCheck.IData
		SccLocalPath12 = PulseCheck.IData
		SccProjectUniqueName13 = PulseCheck.IRepository\\PulseCheck.IRepository.csproj
		SccProjectTopLevelParentUniqueName13 = PulseCheck.sln
		SccProjectName13 = PulseCheck.IRepository
		SccLocalPath13 = PulseCheck.IRepository
		SccProjectUniqueName14 = PulseCheck.IOC.Mappings\\PulseCheck.IOC.Mappings.csproj
		SccProjectTopLevelParentUniqueName14 = PulseCheck.sln
		SccProjectName14 = PulseCheck.IOC.Mappings
		SccLocalPath14 = PulseCheck.IOC.Mappings
		SccProjectUniqueName15 = PulseCheck.QCPR.Data\\PulseCheck.QCPR.Data.csproj
		SccProjectTopLevelParentUniqueName15 = PulseCheck.sln
		SccProjectName15 = PulseCheck.QCPR.Data
		SccLocalPath15 = PulseCheck.QCPR.Data
		SccProjectUniqueName16 = PulseCheck.QCPR.Logic\\PulseCheck.QCPR.Logic.csproj
		SccProjectTopLevelParentUniqueName16 = PulseCheck.sln
		SccProjectName16 = PulseCheck.QCPR.Logic
		SccLocalPath16 = PulseCheck.QCPR.Logic
		SccProjectUniqueName17 = PulseCheck.QCPR.Data.Loader.Console\\PulseCheck.QCPR.Data.Loader.Console.csproj
		SccProjectTopLevelParentUniqueName17 = PulseCheck.sln
		SccProjectName17 = PulseCheck.QCPR.Data.Loader.Console
		SccLocalPath17 = PulseCheck.QCPR.Data.Loader.Console
		SccProjectUniqueName18 = PulseCheck.QCPR.Logic.Tests\\PulseCheck.QCPR.Logic.Tests.csproj
		SccProjectTopLevelParentUniqueName18 = PulseCheck.sln
		SccProjectName18 = PulseCheck.QCPR.Logic.Tests
		SccLocalPath18 = PulseCheck.QCPR.Logic.Tests
		SccProjectUniqueName19 = PulseCheck.QCPR.Domain\\PulseCheck.QCPR.Domain.csproj
		SccProjectTopLevelParentUniqueName19 = PulseCheck.sln
		SccProjectName19 = PulseCheck.QCPR.Domain
		SccLocalPath19 = PulseCheck.QCPR.Domain
		SccProjectUniqueName20 = PulseCheck.Data.Common\\PulseCheck.Data.Common.csproj
		SccProjectTopLevelParentUniqueName20 = PulseCheck.sln
		SccProjectName20 = PulseCheck.Data.Common
		SccLocalPath20 = PulseCheck.Data.Common
		SccProjectUniqueName21 = PulseCheck.QCPR.Data.Tests.Integration\\PulseCheck.QCPR.Data.Tests.Integration.csproj
		SccProjectTopLevelParentUniqueName21 = PulseCheck.sln
		SccProjectName21 = PulseCheck.QCPR.Data.Tests.Integration
		SccLocalPath21 = PulseCheck.QCPR.Data.Tests.Integration
		SccProjectUniqueName22 = PulseCheck.Utilities.Web\\PulseCheck.Utilities.Web.csproj
		SccProjectTopLevelParentUniqueName22 = PulseCheck.sln
		SccProjectName22 = PulseCheck.Utilities.Web
		SccLocalPath22 = PulseCheck.Utilities.Web
		SccProjectUniqueName23 = PulseCheck.API.Tests\\PulseCheck.API.Tests.csproj
		SccProjectTopLevelParentUniqueName23 = PulseCheck.sln
		SccProjectName23 = PulseCheck.API.Tests
		SccLocalPath23 = PulseCheck.API.Tests
		SccProjectUniqueName24 = PulseCheck.Data.Common.Tests\\PulseCheck.Data.Common.Tests.csproj
		SccProjectTopLevelParentUniqueName24 = PulseCheck.sln
		SccProjectName24 = PulseCheck.Data.Common.Tests
		SccLocalPath24 = PulseCheck.Data.Common.Tests
		SccProjectUniqueName25 = PulseCheck.Archive.Data\\PulseCheck.Archive.Data.csproj
		SccProjectTopLevelParentUniqueName25 = PulseCheck.sln
		SccProjectName25 = PulseCheck.Archive.Data
		SccLocalPath25 = PulseCheck.Archive.Data
		SccProjectUniqueName26 = PulseCheck.Archive.Logic\\PulseCheck.Archive.Logic.csproj
		SccProjectTopLevelParentUniqueName26 = PulseCheck.sln
		SccProjectName26 = PulseCheck.Archive.Logic
		SccLocalPath26 = PulseCheck.Archive.Logic
		SccProjectUniqueName27 = PulseCheck.Archive.Logic.Tests\\PulseCheck.Archive.Logic.Tests.csproj
		SccProjectTopLevelParentUniqueName27 = PulseCheck.sln
		SccProjectName27 = PulseCheck.Archive.Logic.Tests
		SccLocalPath27 = PulseCheck.Archive.Logic.Tests
		SccProjectUniqueName28 = PulseCheck.Logic.Common\\PulseCheck.Logic.Common.csproj
		SccProjectTopLevelParentUniqueName28 = PulseCheck.sln
		SccProjectName28 = PulseCheck.Logic.Common
		SccLocalPath28 = PulseCheck.Logic.Common
		SccProjectUniqueName29 = PulseCheck.Archive.Domain\\PulseCheck.Archive.Domain.csproj
		SccProjectTopLevelParentUniqueName29 = PulseCheck.sln
		SccProjectName29 = PulseCheck.Archive.Domain
		SccLocalPath29 = PulseCheck.Archive.Domain
		SccProjectUniqueName30 = PulseCheck.Database.Management.Console.TableSync\\PulseCheck.Database.Management.Console.TableSync.csproj
		SccProjectTopLevelParentUniqueName30 = PulseCheck.sln
		SccProjectName30 = PulseCheck.Database.Management.Console.TableSync
		SccLocalPath30 = PulseCheck.Database.Management.Console.TableSync
		SccProjectUniqueName31 = PulseCheck.Database.Management.Data\\PulseCheck.Database.Management.Data.csproj
		SccProjectTopLevelParentUniqueName31 = PulseCheck.sln
		SccProjectName31 = PulseCheck.Database.Management.Data
		SccLocalPath31 = PulseCheck.Database.Management.Data
		SccProjectUniqueName32 = PulseCheck.Database.Management.Logic\\PulseCheck.Database.Management.Logic.csproj
		SccProjectTopLevelParentUniqueName32 = PulseCheck.sln
		SccProjectName32 = PulseCheck.Database.Management.Logic
		SccLocalPath32 = PulseCheck.Database.Management.Logic
		SccProjectUniqueName33 = PulseCheck.Database.Management.Logic.Tests\\PulseCheck.Database.Management.Logic.Tests.csproj
		SccProjectTopLevelParentUniqueName33 = PulseCheck.sln
		SccProjectName33 = PulseCheck.Database.Management.Logic.Tests
		SccLocalPath33 = PulseCheck.Database.Management.Logic.Tests
		SccProjectUniqueName34 = PulseCheck.Common.Logging\\PulseCheck.Common.Logging.csproj
		SccProjectTopLevelParentUniqueName34 = PulseCheck.sln
		SccProjectName34 = PulseCheck.Common.Logging
		SccLocalPath34 = PulseCheck.Common.Logging
		SccProjectUniqueName35 = Emar.Api\\Emar.Api.csproj
		SccProjectTopLevelParentUniqueName35 = PulseCheck.sln
		SccProjectName35 = Emar.Api
		SccLocalPath35 = Emar.Api
		SccProjectUniqueName36 = Emar.Core\\Emar.Core.csproj
		SccProjectTopLevelParentUniqueName36 = PulseCheck.sln
		SccProjectName36 = Emar.Core
		SccLocalPath36 = Emar.Core
		SccProjectUniqueName37 = Emar.Data\\Emar.Data.csproj
		SccProjectTopLevelParentUniqueName37 = PulseCheck.sln
		SccProjectName37 = Emar.Data
		SccLocalPath37 = Emar.Data
		SccProjectUniqueName38 = Emar.Services\\NotificationsService\\Setup1\\Setup1.vdproj
		SccProjectTopLevelParentUniqueName38 = PulseCheck.sln
		SccProjectName38 = Emar.Services/NotificationsService/Setup1
		SccLocalPath38 = Emar.Services\\NotificationsService\\Setup1
		SccProjectUniqueName39 = Emar.Services\\NotificationsService\\Emar.NotificationsService.csproj
		SccProjectTopLevelParentUniqueName39 = PulseCheck.sln
		SccProjectName39 = Emar.Services/NotificationsService
		SccLocalPath39 = Emar.Services\\NotificationsService
		SccProjectUniqueName40 = Emar.Core.Ids.Tester\\Emar.Core.Ids.Tester.csproj
		SccProjectTopLevelParentUniqueName40 = PulseCheck.sln
		SccProjectName40 = Emar.Core.Ids.Tester
		SccLocalPath40 = Emar.Core.Ids.Tester
	EndGlobalSection
EndGlobal
